{
  "pins" : [
    {
      "identity" : "swift-sdk",
      "kind" : "remoteSourceControl",
      "location" : "https://github.com/configcat/swift-sdk",
      "state" : {
        "revision" : "58f00a4e8d8bc3157bc44f9f9aa75f4519fcc30c",
        "version" : "9.2.2"
      }
    }
  ],
  "version" : 2
}
