{
  "pins" : [
    {
      "identity" : "swift-sdk",
      "kind" : "remoteSourceControl",
      "location" : "https://github.com/configcat/swift-sdk",
      "state" : {
        "revision" : "24d844be9a92597bccdfbdf233ca4c25491b2254",
        "version" : "9.0.1"
      }
    }
  ],
  "version" : 2
}
